
Microsoft Visual Studio Solution File, Format Version 12.00
# Visual Studio Version 17
VisualStudioVersion = 17.0.32014.148
MinimumVisualStudioVersion = 10.0.40219.1
Project("{FAE04EC0-301F-11D3-BF4B-00C04F79EFBC}") = "Equation_and_Code", "Equation_and_Code\Equation_and_Code.csproj", "{0948E332-E500-4E60-8A4A-F8D6469C435A}"
EndProject
Global
	GlobalSection(SolutionConfigurationPlatforms) = preSolution
		Debug|Any CPU = Debug|Any CPU
		Release|Any CPU = Release|Any CPU
	EndGlobalSection
	GlobalSection(ProjectConfigurationPlatforms) = postSolution
		{0948E332-E500-4E60-8A4A-F8D6469C435A}.Debug|Any CPU.ActiveCfg = Debug|Any CPU
		{0948E332-E500-4E60-8A4A-F8D6469C435A}.Debug|Any CPU.Build.0 = Debug|Any CPU
		{0948E332-E500-4E60-8A4A-F8D6469C435A}.Release|Any CPU.ActiveCfg = Release|Any CPU
		{0948E332-E500-4E60-8A4A-F8D6469C435A}.Release|Any CPU.Build.0 = Release|Any CPU
	EndGlobalSection
	GlobalSection(SolutionProperties) = preSolution
		HideSolutionNode = FALSE
	EndGlobalSection
	GlobalSection(ExtensibilityGlobals) = postSolution
		SolutionGuid = {297DC81A-F8A5-46FC-840D-80CBCC36FF09}
	EndGlobalSection
EndGlobal
